
Microsoft Visual Studio Solution File, Format Version 12.00
# Visual Studio Version 16
VisualStudioVersion = 16.0.32510.428
MinimumVisualStudioVersion = 10.0.40219.1
Project("{FAE04EC0-301F-11D3-BF4B-00C04F79EFBC}") = "IoT_Academy", "IoT_Academy\IoT_Academy.csproj", "{129E28CA-418F-4057-A994-F1A8CC37FB9C}"
EndProject
Global
	GlobalSection(SolutionConfigurationPlatforms) = preSolution
		Debug|Any CPU = Debug|Any CPU
		Release|Any CPU = Release|Any CPU
	EndGlobalSection
	GlobalSection(ProjectConfigurationPlatforms) = postSolution
		{129E28CA-418F-4057-A994-F1A8CC37FB9C}.Debug|Any CPU.ActiveCfg = Debug|Any CPU
		{129E28CA-418F-4057-A994-F1A8CC37FB9C}.Debug|Any CPU.Build.0 = Debug|Any CPU
		{129E28CA-418F-4057-A994-F1A8CC37FB9C}.Release|Any CPU.ActiveCfg = Release|Any CPU
		{129E28CA-418F-4057-A994-F1A8CC37FB9C}.Release|Any CPU.Build.0 = Release|Any CPU
	EndGlobalSection
	GlobalSection(SolutionProperties) = preSolution
		HideSolutionNode = FALSE
	EndGlobalSection
	GlobalSection(ExtensibilityGlobals) = postSolution
		SolutionGuid = {0D61B58A-31D8-4227-A137-CD34C35D8067}
	EndGlobalSection
EndGlobal
